// !$*UTF8*$!
{
	archiveVersion = 1;
	classes = {
	};
	objectVersion = 50;
	objects = {

/* Begin PBXBuildFile section */
		A43D84762302C1C40093AB12 /* AppDelegate.swift in Sources */ = {isa = PBXBuildFile; fileRef = A43D84752302C1C40093AB12 /* AppDelegate.swift */; };
		A43D847B2302C1C40093AB12 /* Main.storyboard in Resources */ = {isa = PBXBuildFile; fileRef = A43D84792302C1C40093AB12 /* Main.storyboard */; };
		A43D847D2302C1C50093AB12 /* Assets.xcassets in Resources */ = {isa = PBXBuildFile; fileRef = A43D847C2302C1C50093AB12 /* Assets.xcassets */; };
		A43D84802302C1C50093AB12 /* LaunchScreen.storyboard in Resources */ = {isa = PBXBuildFile; fileRef = A43D847E2302C1C50093AB12 /* LaunchScreen.storyboard */; };
		A43D84882302C1E40093AB12 /* TimeCircuitsViewController.swift in Sources */ = {isa = PBXBuildFile; fileRef = A43D84872302C1E40093AB12 /* TimeCircuitsViewController.swift */; };
		A43D848A2302C1F00093AB12 /* DatePickerViewController.swift in Sources */ = {isa = PBXBuildFile; fileRef = A43D84892302C1F00093AB12 /* DatePickerViewController.swift */; };
		A4A578B12303A012001E7158 /* digital-7.ttf in Resources */ = {isa = PBXBuildFile; fileRef = A414CE612302C2BA00391C2A /* digital-7.ttf */; };
/* End PBXBuildFile section */

/* Begin PBXFileReference section */
		A414CE612302C2BA00391C2A /* digital-7.ttf */ = {isa = PBXFileReference; lastKnownFileType = file; path = "digital-7.ttf"; sourceTree = "<group>"; };
		A43D84722302C1C40093AB12 /* OutaTime.app */ = {isa = PBXFileReference; explicitFileType = wrapper.application; includeInIndex = 0; path = OutaTime.app; sourceTree = BUILT_PRODUCTS_DIR; };
		A43D84752302C1C40093AB12 /* AppDelegate.swift */ = {isa = PBXFileReference; lastKnownFileType = sourcecode.swift; path = AppDelegate.swift; sourceTree = "<group>"; };
		A43D847A2302C1C40093AB12 /* Base */ = {isa = PBXFileReference; lastKnownFileType = file.storyboard; name = Base; path = Base.lproj/Main.storyboard; sourceTree = "<group>"; };
		A43D847C2302C1C50093AB12 /* Assets.xcassets */ = {isa = PBXFileReference; lastKnownFileType = folder.assetcatalog; path = Assets.xcassets; sourceTree = "<group>"; };
		A43D847F2302C1C50093AB12 /* Base */ = {isa = PBXFileReference; lastKnownFileType = file.storyboard; name = Base; path = Base.lproj/LaunchScreen.storyboard; sourceTree = "<group>"; };
		A43D84812302C1C50093AB12 /* Info.plist */ = {isa = PBXFileReference; lastKnownFileType = text.plist.xml; path = Info.plist; sourceTree = "<group>"; };
		A43D84872302C1E40093AB12 /* TimeCircuitsViewController.swift */ = {isa = PBXFileReference; lastKnownFileType = sourcecode.swift; path = TimeCircuitsViewController.swift; sourceTree = "<group>"; };
		A43D84892302C1F00093AB12 /* DatePickerViewController.swift */ = {isa = PBXFileReference; lastKnownFileType = sourcecode.swift; path = DatePickerViewController.swift; sourceTree = "<group>"; };
/* End PBXFileReference section */

/* Begin PBXFrameworksBuildPhase section */
		A43D846F2302C1C40093AB12 /* Frameworks */ = {
			isa = PBXFrameworksBuildPhase;
			buildActionMask = 2147483647;
			files = (
			);
			runOnlyForDeploymentPostprocessing = 0;
		};
/* End PBXFrameworksBuildPhase section */

/* Begin PBXGroup section */
		A43D84692302C1C40093AB12 = {
			isa = PBXGroup;
			children = (
				A43D84742302C1C40093AB12 /* OutaTime */,
				A43D84732302C1C40093AB12 /* Products */,
			);
			sourceTree = "<group>";
		};
		A43D84732302C1C40093AB12 /* Products */ = {
			isa = PBXGroup;
			children = (
				A43D84722302C1C40093AB12 /* OutaTime.app */,
			);
			name = Products;
			sourceTree = "<group>";
		};
		A43D84742302C1C40093AB12 /* OutaTime */ = {
			isa = PBXGroup;
			children = (
				A43D848B2302C1F40093AB12 /* View Controllers */,
				A43D84752302C1C40093AB12 /* AppDelegate.swift */,
				A43D84792302C1C40093AB12 /* Main.storyboard */,
				A43D847C2302C1C50093AB12 /* Assets.xcassets */,
				A43D847E2302C1C50093AB12 /* LaunchScreen.storyboard */,
				A43D84812302C1C50093AB12 /* Info.plist */,
				A43D848C2302C2390093AB12 /* Resources */,
			);
			path = OutaTime;
			sourceTree = "<group>";
		};
		A43D848B2302C1F40093AB12 /* View Controllers */ = {
			isa = PBXGroup;
			children = (
				A43D84872302C1E40093AB12 /* TimeCircuitsViewController.swift */,
				A43D84892302C1F00093AB12 /* DatePickerViewController.swift */,
			);
			path = "View Controllers";
			sourceTree = "<group>";
		};
		A43D848C2302C2390093AB12 /* Resources */ = {
			isa = PBXGroup;
			children = (
				A43D848D2302C2400093AB12 /* Fonts */,
			);
			path = Resources;
			sourceTree = "<group>";
		};
		A43D848D2302C2400093AB12 /* Fonts */ = {
			isa = PBXGroup;
			children = (
				A414CE612302C2BA00391C2A /* digital-7.ttf */,
			);
			path = Fonts;
			sourceTree = "<group>";
		};
/* End PBXGroup section */

/* Begin PBXNativeTarget section */
		A43D84712302C1C40093AB12 /* OutaTime */ = {
			isa = PBXNativeTarget;
			buildConfigurationList = A43D84842302C1C50093AB12 /* Build configuration list for PBXNativeTarget "OutaTime" */;
			buildPhases = (
				A43D846E2302C1C40093AB12 /* Sources */,
				A43D846F2302C1C40093AB12 /* Frameworks */,
				A43D84702302C1C40093AB12 /* Resources */,
			);
			buildRules = (
			);
			dependencies = (
			);
			name = OutaTime;
			productName = OutaTime;
			productReference = A43D84722302C1C40093AB12 /* OutaTime.app */;
			productType = "com.apple.product-type.application";
		};
/* End PBXNativeTarget section */

/* Begin PBXProject section */
		A43D846A2302C1C40093AB12 /* Project object */ = {
			isa = PBXProject;
			attributes = {
				LastSwiftUpdateCheck = 1020;
				LastUpgradeCheck = 1020;
				ORGANIZATIONNAME = "Eoin Lavery";
				TargetAttributes = {
					A43D84712302C1C40093AB12 = {
						CreatedOnToolsVersion = 10.2.1;
					};
				};
			};
			buildConfigurationList = A43D846D2302C1C40093AB12 /* Build configuration list for PBXProject "OutaTime" */;
			compatibilityVersion = "Xcode 9.3";
			developmentRegion = en;
			hasScannedForEncodings = 0;
			knownRegions = (
				en,
				Base,
			);
			mainGroup = A43D84692302C1C40093AB12;
			productRefGroup = A43D84732302C1C40093AB12 /* Products */;
			projectDirPath = "";
			projectRoot = "";
			targets = (
				A43D84712302C1C40093AB12 /* OutaTime */,
			);
		};
/* End PBXProject section */

/* Begin PBXResourcesBuildPhase section */
		A43D84702302C1C40093AB12 /* Resources */ = {
			isa = PBXResourcesBuildPhase;
			buildActionMask = 2147483647;
			files = (
				A4A578B12303A012001E7158 /* digital-7.ttf in Resources */,
				A43D84802302C1C50093AB12 /* LaunchScreen.storyboard in Resources */,
				A43D847D2302C1C50093AB12 /* Assets.xcassets in Resources */,
				A43D847B2302C1C40093AB12 /* Main.storyboard in Resources */,
			);
			runOnlyForDeploymentPostprocessing = 0;
		};
/* End PBXResourcesBuildPhase section */

/* Begin PBXSourcesBuildPhase section */
		A43D846E2302C1C40093AB12 /* Sources */ = {
			isa = PBXSourcesBuildPhase;
			buildActionMask = 2147483647;
			files = (
				A43D84882302C1E40093AB12 /* TimeCircuitsViewController.swift in Sources */,
				A43D84762302C1C40093AB12 /* AppDelegate.swift in Sources */,
				A43D848A2302C1F00093AB12 /* DatePickerViewController.swift in Sources */,
			);
			runOnlyForDeploymentPostprocessing = 0;
		};
/* End PBXSourcesBuildPhase section */

/* Begin PBXVariantGroup section */
		A43D84792302C1C40093AB12 /* Main.storyboard */ = {
			isa = PBXVariantGroup;
			children = (
				A43D847A2302C1C40093AB12 /* Base */,
			);
			name = Main.storyboard;
			sourceTree = "<group>";
		};
		A43D847E2302C1C50093AB12 /* LaunchScreen.storyboard */ = {
			isa = PBXVariantGroup;
			children = (
				A43D847F2302C1C50093AB12 /* Base */,
			);
			name = LaunchScreen.storyboard;
			sourceTree = "<group>";
		};
/* End PBXVariantGroup section */

/* Begin XCBuildConfiguration section */
		A43D84822302C1C50093AB12 /* Debug */ = {
			isa = XCBuildConfiguration;
			buildSettings = {
				ALWAYS_SEARCH_USER_PATHS = NO;
				CLANG_ANALYZER_NONNULL = YES;
				CLANG_ANALYZER_NUMBER_OBJECT_CONVERSION = YES_AGGRESSIVE;
				CLANG_CXX_LANGUAGE_STANDARD = "gnu++14";
				CLANG_CXX_LIBRARY = "libc++";
				CLANG_ENABLE_MODULES = YES;
				CLANG_ENABLE_OBJC_ARC = YES;
				CLANG_ENABLE_OBJC_WEAK = YES;
				CLANG_WARN_BLOCK_CAPTURE_AUTORELEASING = YES;
				CLANG_WARN_BOOL_CONVERSION = YES;
				CLANG_WARN_COMMA = YES;
				CLANG_WARN_CONSTANT_CONVERSION = YES;
				CLANG_WARN_DEPRECATED_OBJC_IMPLEMENTATIONS = YES;
				CLANG_WARN_DIRECT_OBJC_ISA_USAGE = YES_ERROR;
				CLANG_WARN_DOCUMENTATION_COMMENTS = YES;
				CLANG_WARN_EMPTY_BODY = YES;
				CLANG_WARN_ENUM_CONVERSION = YES;
				CLANG_WARN_INFINITE_RECURSION = YES;
				CLANG_WARN_INT_CONVERSION = YES;
				CLANG_WARN_NON_LITERAL_NULL_CONVERSION = YES;
				CLANG_WARN_OBJC_IMPLICIT_RETAIN_SELF = YES;
				CLANG_WARN_OBJC_LITERAL_CONVERSION = YES;
				CLANG_WARN_OBJC_ROOT_CLASS = YES_ERROR;
				CLANG_WARN_RANGE_LOOP_ANALYSIS = YES;
				CLANG_WARN_STRICT_PROTOTYPES = YES;
				CLANG_WARN_SUSPICIOUS_MOVE = YES;
				CLANG_WARN_UNGUARDED_AVAILABILITY = YES_AGGRESSIVE;
				CLANG_WARN_UNREACHABLE_CODE = YES;
				CLANG_WARN__DUPLICATE_METHOD_MATCH = YES;
				CODE_SIGN_IDENTITY = "iPhone Developer";
				COPY_PHASE_STRIP = NO;
				DEBUG_INFORMATION_FORMAT = dwarf;
				ENABLE_STRICT_OBJC_MSGSEND = YES;
				ENABLE_TESTABILITY = YES;
				GCC_C_LANGUAGE_STANDARD = gnu11;
				GCC_DYNAMIC_NO_PIC = NO;
				GCC_NO_COMMON_BLOCKS = YES;
				GCC_OPTIMIZATION_LEVEL = 0;
				GCC_PREPROCESSOR_DEFINITIONS = (
					"DEBUG=1",
					"$(inherited)",
				);
				GCC_WARN_64_TO_32_BIT_CONVERSION = YES;
				GCC_WARN_ABOUT_RETURN_TYPE = YES_ERROR;
				GCC_WARN_UNDECLARED_SELECTOR = YES;
				GCC_WARN_UNINITIALIZED_AUTOS = YES_AGGRESSIVE;
				GCC_WARN_UNUSED_FUNCTION = YES;
				GCC_WARN_UNUSED_VARIABLE = YES;
				IPHONEOS_DEPLOYMENT_TARGET = 12.2;
				MTL_ENABLE_DEBUG_INFO = INCLUDE_SOURCE;
				MTL_FAST_MATH = YES;
				ONLY_ACTIVE_ARCH = YES;
				SDKROOT = iphoneos;
				SWIFT_ACTIVE_COMPILATION_CONDITIONS = DEBUG;
				SWIFT_OPTIMIZATION_LEVEL = "-Onone";
			};
			name = Debug;
		};
		A43D84832302C1C50093AB12 /* Release */ = {
			isa = XCBuildConfiguration;
			buildSettings = {
				ALWAYS_SEARCH_USER_PATHS = NO;
				CLANG_ANALYZER_NONNULL = YES;
				CLANG_ANALYZER_NUMBER_OBJECT_CONVERSION = YES_AGGRESSIVE;
				CLANG_CXX_LANGUAGE_STANDARD = "gnu++14";
				CLANG_CXX_LIBRARY = "libc++";
				CLANG_ENABLE_MODULES = YES;
				CLANG_ENABLE_OBJC_ARC = YES;
				CLANG_ENABLE_OBJC_WEAK = YES;
				CLANG_WARN_BLOCK_CAPTURE_AUTORELEASING = YES;
				CLANG_WARN_BOOL_CONVERSION = YES;
				CLANG_WARN_COMMA = YES;
				CLANG_WARN_CONSTANT_CONVERSION = YES;
				CLANG_WARN_DEPRECATED_OBJC_IMPLEMENTATIONS = YES;
				CLANG_WARN_DIRECT_OBJC_ISA_USAGE = YES_ERROR;
				CLANG_WARN_DOCUMENTATION_COMMENTS = YES;
				CLANG_WARN_EMPTY_BODY = YES;
				CLANG_WARN_ENUM_CONVERSION = YES;
				CLANG_WARN_INFINITE_RECURSION = YES;
				CLANG_WARN_INT_CONVERSION = YES;
				CLANG_WARN_NON_LITERAL_NULL_CONVERSION = YES;
				CLANG_WARN_OBJC_IMPLICIT_RETAIN_SELF = YES;
				CLANG_WARN_OBJC_LITERAL_CONVERSION = YES;
				CLANG_WARN_OBJC_ROOT_CLASS = YES_ERROR;
				CLANG_WARN_RANGE_LOOP_ANALYSIS = YES;
				CLANG_WARN_STRICT_PROTOTYPES = YES;
				CLANG_WARN_SUSPICIOUS_MOVE = YES;
				CLANG_WARN_UNGUARDED_AVAILABILITY = YES_AGGRESSIVE;
				CLANG_WARN_UNREACHABLE_CODE = YES;
				CLANG_WARN__DUPLICATE_METHOD_MATCH = YES;
				CODE_SIGN_IDENTITY = "iPhone Developer";
				COPY_PHASE_STRIP = NO;
				DEBUG_INFORMATION_FORMAT = "dwarf-with-dsym";
				ENABLE_NS_ASSERTIONS = NO;
				ENABLE_STRICT_OBJC_MSGSEND = YES;
				GCC_C_LANGUAGE_STANDARD = gnu11;
				GCC_NO_COMMON_BLOCKS = YES;
				GCC_WARN_64_TO_32_BIT_CONVERSION = YES;
				GCC_WARN_ABOUT_RETURN_TYPE = YES_ERROR;
				GCC_WARN_UNDECLARED_SELECTOR = YES;
				GCC_WARN_UNINITIALIZED_AUTOS = YES_AGGRESSIVE;
				GCC_WARN_UNUSED_FUNCTION = YES;
				GCC_WARN_UNUSED_VARIABLE = YES;
				IPHONEOS_DEPLOYMENT_TARGET = 12.2;
				MTL_ENABLE_DEBUG_INFO = NO;
				MTL_FAST_MATH = YES;
				SDKROOT = iphoneos;
				SWIFT_COMPILATION_MODE = wholemodule;
				SWIFT_OPTIMIZATION_LEVEL = "-O";
				VALIDATE_PRODUCT = YES;
			};
			name = Release;
		};
		A43D84852302C1C50093AB12 /* Debug */ = {
			isa = XCBuildConfiguration;
			buildSettings = {
				ASSETCATALOG_COMPILER_APPICON_NAME = AppIcon;
				CODE_SIGN_STYLE = Automatic;
				DEVELOPMENT_TEAM = GKY7S4KVZ6;
				INFOPLIST_FILE = OutaTime/Info.plist;
				LD_RUNPATH_SEARCH_PATHS = (
					"$(inherited)",
					"@executable_path/Frameworks",
				);
				PRODUCT_BUNDLE_IDENTIFIER = com.eoinlavery.OutaTime;
				PRODUCT_NAME = "$(TARGET_NAME)";
				SWIFT_VERSION = 5.0;
				TARGETED_DEVICE_FAMILY = "1,2";
			};
			name = Debug;
		};
		A43D84862302C1C50093AB12 /* Release */ = {
			isa = XCBuildConfiguration;
			buildSettings = {
				ASSETCATALOG_COMPILER_APPICON_NAME = AppIcon;
				CODE_SIGN_STYLE = Automatic;
				DEVELOPMENT_TEAM = GKY7S4KVZ6;
				INFOPLIST_FILE = OutaTime/Info.plist;
				LD_RUNPATH_SEARCH_PATHS = (
					"$(inherited)",
					"@executable_path/Frameworks",
				);
				PRODUCT_BUNDLE_IDENTIFIER = com.eoinlavery.OutaTime;
				PRODUCT_NAME = "$(TARGET_NAME)";
				SWIFT_VERSION = 5.0;
				TARGETED_DEVICE_FAMILY = "1,2";
			};
			name = Release;
		};
/* End XCBuildConfiguration section */

/* Begin XCConfigurationList section */
		A43D846D2302C1C40093AB12 /* Build configuration list for PBXProject "OutaTime" */ = {
			isa = XCConfigurationList;
			buildConfigurations = (
				A43D84822302C1C50093AB12 /* Debug */,
				A43D84832302C1C50093AB12 /* Release */,
			);
			defaultConfigurationIsVisible = 0;
			defaultConfigurationName = Release;
		};
		A43D84842302C1C50093AB12 /* Build configuration list for PBXNativeTarget "OutaTime" */ = {
			isa = XCConfigurationList;
			buildConfigurations = (
				A43D84852302C1C50093AB12 /* Debug */,
				A43D84862302C1C50093AB12 /* Release */,
			);
			defaultConfigurationIsVisible = 0;
			defaultConfigurationName = Release;
		};
/* End XCConfigurationList section */
	};
	rootObject = A43D846A2302C1C40093AB12 /* Project object */;
}
